{
  "requires": true,
  "lockfileVersion": 1,
  "dependencies": {
    "@types/node": {
      "version": "14.14.13",
      "resolved": "https://registry.npmjs.org/@types/node/-/node-14.14.13.tgz",
      "integrity": "sha512-vbxr0VZ8exFMMAjCW8rJwaya0dMCDyYW2ZRdTyjtrCvJoENMpdUHOT/eTzvgyA5ZnqRZ/sI0NwqAxNHKYokLJQ=="
    },
    "@types/papaparse": {
      "version": "5.2.4",
      "resolved": "https://registry.npmjs.org/@types/papaparse/-/papaparse-5.2.4.tgz",
      "integrity": "sha512-oxwvNgW/RwtGsU/TOlV1zwBfozuyav0BotfCt0mX83nk87tePauU7N7shjI7uCBaPTEVip/F6XLfvs+Bk8M5HQ==",
      "requires": {
        "@types/node": "*"
      }
    },
    "papaparse": {
      "version": "5.3.0",
      "resolved": "https://registry.npmjs.org/papaparse/-/papaparse-5.3.0.tgz",
      "integrity": "sha512-Lb7jN/4bTpiuGPrYy4tkKoUS8sTki8zacB5ke1p5zolhcSE4TlWgrlsxjrDTbG/dFVh07ck7X36hUf/b5V68pg=="
    },
    "react-papaparse": {
      "version": "3.11.0",
      "resolved": "https://registry.npmjs.org/react-papaparse/-/react-papaparse-3.11.0.tgz",
      "integrity": "sha512-H4xd6J0eE8E7/xvXZKEXusAGEiw9qUo+Xlp4/ykA1WxHTj7zIgad38FtqFS4+RTYtE9PVC4rsjcThUbZO8LDQA==",
      "requires": {
        "@types/papaparse": "^5.0.4",
        "papaparse": "^5.2.0"
      }
    }
  }
}
