# THIS IS AN AUTOGENERATED FILE. DO NOT EDIT THIS FILE DIRECTLY.
# yarn lockfile v1


"@types/node@*":
  version "14.14.11"
  resolved "https://registry.yarnpkg.com/@types/node/-/node-14.14.11.tgz#fc25a4248a5e8d0837019b1d170146d07334abe0"
  integrity sha512-BJ97wAUuU3NUiUCp44xzUFquQEvnk1wu7q4CMEUYKJWjdkr0YWYDsm4RFtAvxYsNjLsKcrFt6RvK8r+mnzMbEQ==

"@types/papaparse@^5.0.4":
  version "5.2.4"
  resolved "https://registry.yarnpkg.com/@types/papaparse/-/papaparse-5.2.4.tgz#6aa662b08df84fd1dc34db37860005e9127457f3"
  integrity sha512-oxwvNgW/RwtGsU/TOlV1zwBfozuyav0BotfCt0mX83nk87tePauU7N7shjI7uCBaPTEVip/F6XLfvs+Bk8M5HQ==
  dependencies:
    "@types/node" "*"

papaparse@^5.2.0:
  version "5.3.0"
  resolved "https://registry.yarnpkg.com/papaparse/-/papaparse-5.3.0.tgz#ab1702feb96e79ab4309652f36db9536563ad05a"
  integrity sha512-Lb7jN/4bTpiuGPrYy4tkKoUS8sTki8zacB5ke1p5zolhcSE4TlWgrlsxjrDTbG/dFVh07ck7X36hUf/b5V68pg==

react-papaparse@^3.11.0:
  version "3.11.0"
  resolved "https://registry.yarnpkg.com/react-papaparse/-/react-papaparse-3.11.0.tgz#dc545e1fff9c24d9c0d98a85b86fb90ba31cef85"
  integrity sha512-H4xd6J0eE8E7/xvXZKEXusAGEiw9qUo+Xlp4/ykA1WxHTj7zIgad38FtqFS4+RTYtE9PVC4rsjcThUbZO8LDQA==
  dependencies:
    "@types/papaparse" "^5.0.4"
    papaparse "^5.2.0"
